// !$*UTF8*$!
{
	archiveVersion = 1;
	classes = {
	};
	objectVersion = 52;
	objects = {

/* Begin PBXBuildFile section */
		55F6B59D2455866800B77247 /* AppDelegate.swift in Sources */ = {isa = PBXBuildFile; fileRef = 55F6B59C2455866800B77247 /* AppDelegate.swift */; };
		55F6B59F2455866800B77247 /* SceneDelegate.swift in Sources */ = {isa = PBXBuildFile; fileRef = 55F6B59E2455866800B77247 /* SceneDelegate.swift */; };
		55F6B5A12455866800B77247 /* ViewController.swift in Sources */ = {isa = PBXBuildFile; fileRef = 55F6B5A02455866800B77247 /* ViewController.swift */; };
		55F6B5A42455866800B77247 /* Main.storyboard in Resources */ = {isa = PBXBuildFile; fileRef = 55F6B5A22455866800B77247 /* Main.storyboard */; };
		55F6B5A62455866900B77247 /* Assets.xcassets in Resources */ = {isa = PBXBuildFile; fileRef = 55F6B5A52455866900B77247 /* Assets.xcassets */; };
		55F6B5A92455866900B77247 /* LaunchScreen.storyboard in Resources */ = {isa = PBXBuildFile; fileRef = 55F6B5A72455866900B77247 /* LaunchScreen.storyboard */; };
/* End PBXBuildFile section */

/* Begin PBXFileReference section */
		55F6B5992455866800B77247 /* BulbaTalks.app */ = {isa = PBXFileReference; explicitFileType = wrapper.application; includeInIndex = 0; path = BulbaTalks.app; sourceTree = BUILT_PRODUCTS_DIR; };
		55F6B59C2455866800B77247 /* AppDelegate.swift */ = {isa = PBXFileReference; lastKnownFileType = sourcecode.swift; path = AppDelegate.swift; sourceTree = "<group>"; };
		55F6B59E2455866800B77247 /* SceneDelegate.swift */ = {isa = PBXFileReference; lastKnownFileType = sourcecode.swift; path = SceneDelegate.swift; sourceTree = "<group>"; };
		55F6B5A02455866800B77247 /* ViewController.swift */ = {isa = PBXFileReference; lastKnownFileType = sourcecode.swift; path = ViewController.swift; sourceTree = "<group>"; };
		55F6B5A32455866800B77247 /* Base */ = {isa = PBXFileReference; lastKnownFileType = file.storyboard; name = Base; path = Base.lproj/Main.storyboard; sourceTree = "<group>"; };
		55F6B5A52455866900B77247 /* Assets.xcassets */ = {isa = PBXFileReference; lastKnownFileType = folder.assetcatalog; path = Assets.xcassets; sourceTree = "<group>"; };
		55F6B5A82455866900B77247 /* Base */ = {isa = PBXFileReference; lastKnownFileType = file.storyboard; name = Base; path = Base.lproj/LaunchScreen.storyboard; sourceTree = "<group>"; };
		55F6B5AA2455866900B77247 /* Info.plist */ = {isa = PBXFileReference; lastKnownFileType = text.plist.xml; path = Info.plist; sourceTree = "<group>"; };
/* End PBXFileReference section */

/* Begin PBXFrameworksBuildPhase section */
		55F6B5962455866800B77247 /* Frameworks */ = {
			isa = PBXFrameworksBuildPhase;
			buildActionMask = 2147483647;
			files = (
			);
			runOnlyForDeploymentPostprocessing = 0;
		};
/* End PBXFrameworksBuildPhase section */

/* Begin PBXGroup section */
		55DCA32C24558EDC00871DD1 /* Application */ = {
			isa = PBXGroup;
			children = (
				55F6B59C2455866800B77247 /* AppDelegate.swift */,
				55F6B59E2455866800B77247 /* SceneDelegate.swift */,
			);
			path = Application;
			sourceTree = "<group>";
		};
		55DCA32E24558F2600871DD1 /* Model */ = {
			isa = PBXGroup;
			children = (
			);
			path = Model;
			sourceTree = "<group>";
		};
		55DCA32F24558F3E00871DD1 /* View */ = {
			isa = PBXGroup;
			children = (
				55F6B5A22455866800B77247 /* Main.storyboard */,
				55F6B5A72455866900B77247 /* LaunchScreen.storyboard */,
			);
			path = View;
			sourceTree = "<group>";
		};
		55DCA33024558F5400871DD1 /* Controller */ = {
			isa = PBXGroup;
			children = (
				55F6B5A02455866800B77247 /* ViewController.swift */,
			);
			path = Controller;
			sourceTree = "<group>";
		};
		55DCA33124558F8300871DD1 /* Resources */ = {
			isa = PBXGroup;
			children = (
				55F6B5A52455866900B77247 /* Assets.xcassets */,
			);
			path = Resources;
			sourceTree = "<group>";
		};
		55DCA33224558F9A00871DD1 /* SupportingFiles */ = {
			isa = PBXGroup;
			children = (
				55F6B5AA2455866900B77247 /* Info.plist */,
			);
			path = SupportingFiles;
			sourceTree = "<group>";
		};
		55F6B5902455866800B77247 = {
			isa = PBXGroup;
			children = (
				55F6B59B2455866800B77247 /* BulbaTalks */,
				55F6B59A2455866800B77247 /* Products */,
			);
			sourceTree = "<group>";
		};
		55F6B59A2455866800B77247 /* Products */ = {
			isa = PBXGroup;
			children = (
				55F6B5992455866800B77247 /* BulbaTalks.app */,
			);
			name = Products;
			sourceTree = "<group>";
		};
		55F6B59B2455866800B77247 /* BulbaTalks */ = {
			isa = PBXGroup;
			children = (
				55DCA32C24558EDC00871DD1 /* Application */,
				55DCA32E24558F2600871DD1 /* Model */,
				55DCA32F24558F3E00871DD1 /* View */,
				55DCA33024558F5400871DD1 /* Controller */,
				55DCA33124558F8300871DD1 /* Resources */,
				55DCA33224558F9A00871DD1 /* SupportingFiles */,
			);
			path = BulbaTalks;
			sourceTree = "<group>";
		};
/* End PBXGroup section */

/* Begin PBXNativeTarget section */
		55F6B5982455866800B77247 /* BulbaTalks */ = {
			isa = PBXNativeTarget;
			buildConfigurationList = 55F6B5AD2455866900B77247 /* Build configuration list for PBXNativeTarget "BulbaTalks" */;
			buildPhases = (
				55F6B5952455866800B77247 /* Sources */,
				55F6B5962455866800B77247 /* Frameworks */,
				55F6B5972455866800B77247 /* Resources */,
				55BBFFE5245ABE56002AF078 /* SwiftLint */,
				4244FB142463032A00C07ABD /* SwiftFormat */,
			);
			buildRules = (
			);
			dependencies = (
			);
			name = BulbaTalks;
			productName = BulbaTalks;
			productReference = 55F6B5992455866800B77247 /* BulbaTalks.app */;
			productType = "com.apple.product-type.application";
		};
/* End PBXNativeTarget section */

/* Begin PBXProject section */
		55F6B5912455866800B77247 /* Project object */ = {
			isa = PBXProject;
			attributes = {
				LastSwiftUpdateCheck = 1140;
				LastUpgradeCheck = 1140;
				ORGANIZATIONNAME = CocoaHeadsBY;
				TargetAttributes = {
					55F6B5982455866800B77247 = {
						CreatedOnToolsVersion = 11.4;
					};
				};
			};
			buildConfigurationList = 55F6B5942455866800B77247 /* Build configuration list for PBXProject "BulbaTalks" */;
			compatibilityVersion = "Xcode 11.0";
			developmentRegion = en;
			hasScannedForEncodings = 0;
			knownRegions = (
				en,
				Base,
			);
			mainGroup = 55F6B5902455866800B77247;
			productRefGroup = 55F6B59A2455866800B77247 /* Products */;
			projectDirPath = "";
			projectRoot = "";
			targets = (
				55F6B5982455866800B77247 /* BulbaTalks */,
			);
		};
/* End PBXProject section */

/* Begin PBXResourcesBuildPhase section */
		55F6B5972455866800B77247 /* Resources */ = {
			isa = PBXResourcesBuildPhase;
			buildActionMask = 2147483647;
			files = (
				55F6B5A92455866900B77247 /* LaunchScreen.storyboard in Resources */,
				55F6B5A62455866900B77247 /* Assets.xcassets in Resources */,
				55F6B5A42455866800B77247 /* Main.storyboard in Resources */,
			);
			runOnlyForDeploymentPostprocessing = 0;
		};
/* End PBXResourcesBuildPhase section */

/* Begin PBXShellScriptBuildPhase section */
		4244FB142463032A00C07ABD /* SwiftFormat */ = {
			isa = PBXShellScriptBuildPhase;
			buildActionMask = 2147483647;
			files = (
			);
			inputFileListPaths = (
			);
			inputPaths = (
			);
			name = SwiftFormat;
			outputFileListPaths = (
			);
			outputPaths = (
			);
			runOnlyForDeploymentPostprocessing = 0;
			shellPath = /bin/sh;
			shellScript = "if which swiftformat >/dev/null; then\n  swiftformat --config \"../.swiftformat\" .\nelse\n  echo \"warning: SwiftFormat not installed, download from https://github.com/nicklockwood/SwiftFormat\"\nfi\n";
		};
		55BBFFE5245ABE56002AF078 /* SwiftLint */ = {
			isa = PBXShellScriptBuildPhase;
			buildActionMask = 2147483647;
			files = (
			);
			inputFileListPaths = (
			);
			inputPaths = (
			);
			name = SwiftLint;
			outputFileListPaths = (
			);
			outputPaths = (
			);
			runOnlyForDeploymentPostprocessing = 0;
			shellPath = /bin/sh;
			shellScript = "if which swiftlint >/dev/null; then\n  swiftlint --config ../.swiftlint.yml\nelse\n  echo \"warning: SwiftLint not installed, download from https://github.com/realm/SwiftLint\"\nfi\n";
		};
/* End PBXShellScriptBuildPhase section */

/* Begin PBXSourcesBuildPhase section */
		55F6B5952455866800B77247 /* Sources */ = {
			isa = PBXSourcesBuildPhase;
			buildActionMask = 2147483647;
			files = (
				55F6B5A12455866800B77247 /* ViewController.swift in Sources */,
				55F6B59D2455866800B77247 /* AppDelegate.swift in Sources */,
				55F6B59F2455866800B77247 /* SceneDelegate.swift in Sources */,
			);
			runOnlyForDeploymentPostprocessing = 0;
		};
/* End PBXSourcesBuildPhase section */

/* Begin PBXVariantGroup section */
		55F6B5A22455866800B77247 /* Main.storyboard */ = {
			isa = PBXVariantGroup;
			children = (
				55F6B5A32455866800B77247 /* Base */,
			);
			name = Main.storyboard;
			sourceTree = "<group>";
		};
		55F6B5A72455866900B77247 /* LaunchScreen.storyboard */ = {
			isa = PBXVariantGroup;
			children = (
				55F6B5A82455866900B77247 /* Base */,
			);
			name = LaunchScreen.storyboard;
			sourceTree = "<group>";
		};
/* End PBXVariantGroup section */

/* Begin XCBuildConfiguration section */
		55F6B5AB2455866900B77247 /* Debug */ = {
			isa = XCBuildConfiguration;
			buildSettings = {
				ALWAYS_SEARCH_USER_PATHS = NO;
				CLANG_ANALYZER_NONNULL = YES;
				CLANG_ANALYZER_NUMBER_OBJECT_CONVERSION = YES_AGGRESSIVE;
				CLANG_CXX_LANGUAGE_STANDARD = "gnu++14";
				CLANG_CXX_LIBRARY = "libc++";
				CLANG_ENABLE_MODULES = YES;
				CLANG_ENABLE_OBJC_ARC = YES;
				CLANG_ENABLE_OBJC_WEAK = YES;
				CLANG_WARN_BLOCK_CAPTURE_AUTORELEASING = YES;
				CLANG_WARN_BOOL_CONVERSION = YES;
				CLANG_WARN_COMMA = YES;
				CLANG_WARN_CONSTANT_CONVERSION = YES;
				CLANG_WARN_DEPRECATED_OBJC_IMPLEMENTATIONS = YES;
				CLANG_WARN_DIRECT_OBJC_ISA_USAGE = YES_ERROR;
				CLANG_WARN_DOCUMENTATION_COMMENTS = YES;
				CLANG_WARN_EMPTY_BODY = YES;
				CLANG_WARN_ENUM_CONVERSION = YES;
				CLANG_WARN_INFINITE_RECURSION = YES;
				CLANG_WARN_INT_CONVERSION = YES;
				CLANG_WARN_NON_LITERAL_NULL_CONVERSION = YES;
				CLANG_WARN_OBJC_IMPLICIT_RETAIN_SELF = YES;
				CLANG_WARN_OBJC_LITERAL_CONVERSION = YES;
				CLANG_WARN_OBJC_ROOT_CLASS = YES_ERROR;
				CLANG_WARN_RANGE_LOOP_ANALYSIS = YES;
				CLANG_WARN_STRICT_PROTOTYPES = YES;
				CLANG_WARN_SUSPICIOUS_MOVE = YES;
				CLANG_WARN_UNGUARDED_AVAILABILITY = YES_AGGRESSIVE;
				CLANG_WARN_UNREACHABLE_CODE = YES;
				CLANG_WARN__DUPLICATE_METHOD_MATCH = YES;
				COPY_PHASE_STRIP = NO;
				DEBUG_INFORMATION_FORMAT = dwarf;
				ENABLE_STRICT_OBJC_MSGSEND = YES;
				ENABLE_TESTABILITY = YES;
				GCC_C_LANGUAGE_STANDARD = gnu11;
				GCC_DYNAMIC_NO_PIC = NO;
				GCC_NO_COMMON_BLOCKS = YES;
				GCC_OPTIMIZATION_LEVEL = 0;
				GCC_PREPROCESSOR_DEFINITIONS = (
					"DEBUG=1",
					"$(inherited)",
				);
				GCC_WARN_64_TO_32_BIT_CONVERSION = YES;
				GCC_WARN_ABOUT_RETURN_TYPE = YES_ERROR;
				GCC_WARN_UNDECLARED_SELECTOR = YES;
				GCC_WARN_UNINITIALIZED_AUTOS = YES_AGGRESSIVE;
				GCC_WARN_UNUSED_FUNCTION = YES;
				GCC_WARN_UNUSED_VARIABLE = YES;
				IPHONEOS_DEPLOYMENT_TARGET = 12.0;
				MTL_ENABLE_DEBUG_INFO = INCLUDE_SOURCE;
				MTL_FAST_MATH = YES;
				ONLY_ACTIVE_ARCH = YES;
				SDKROOT = iphoneos;
				SWIFT_ACTIVE_COMPILATION_CONDITIONS = DEBUG;
				SWIFT_OPTIMIZATION_LEVEL = "-Onone";
			};
			name = Debug;
		};
		55F6B5AC2455866900B77247 /* Release */ = {
			isa = XCBuildConfiguration;
			buildSettings = {
				ALWAYS_SEARCH_USER_PATHS = NO;
				CLANG_ANALYZER_NONNULL = YES;
				CLANG_ANALYZER_NUMBER_OBJECT_CONVERSION = YES_AGGRESSIVE;
				CLANG_CXX_LANGUAGE_STANDARD = "gnu++14";
				CLANG_CXX_LIBRARY = "libc++";
				CLANG_ENABLE_MODULES = YES;
				CLANG_ENABLE_OBJC_ARC = YES;
				CLANG_ENABLE_OBJC_WEAK = YES;
				CLANG_WARN_BLOCK_CAPTURE_AUTORELEASING = YES;
				CLANG_WARN_BOOL_CONVERSION = YES;
				CLANG_WARN_COMMA = YES;
				CLANG_WARN_CONSTANT_CONVERSION = YES;
				CLANG_WARN_DEPRECATED_OBJC_IMPLEMENTATIONS = YES;
				CLANG_WARN_DIRECT_OBJC_ISA_USAGE = YES_ERROR;
				CLANG_WARN_DOCUMENTATION_COMMENTS = YES;
				CLANG_WARN_EMPTY_BODY = YES;
				CLANG_WARN_ENUM_CONVERSION = YES;
				CLANG_WARN_INFINITE_RECURSION = YES;
				CLANG_WARN_INT_CONVERSION = YES;
				CLANG_WARN_NON_LITERAL_NULL_CONVERSION = YES;
				CLANG_WARN_OBJC_IMPLICIT_RETAIN_SELF = YES;
				CLANG_WARN_OBJC_LITERAL_CONVERSION = YES;
				CLANG_WARN_OBJC_ROOT_CLASS = YES_ERROR;
				CLANG_WARN_RANGE_LOOP_ANALYSIS = YES;
				CLANG_WARN_STRICT_PROTOTYPES = YES;
				CLANG_WARN_SUSPICIOUS_MOVE = YES;
				CLANG_WARN_UNGUARDED_AVAILABILITY = YES_AGGRESSIVE;
				CLANG_WARN_UNREACHABLE_CODE = YES;
				CLANG_WARN__DUPLICATE_METHOD_MATCH = YES;
				COPY_PHASE_STRIP = NO;
				DEBUG_INFORMATION_FORMAT = "dwarf-with-dsym";
				ENABLE_NS_ASSERTIONS = NO;
				ENABLE_STRICT_OBJC_MSGSEND = YES;
				GCC_C_LANGUAGE_STANDARD = gnu11;
				GCC_NO_COMMON_BLOCKS = YES;
				GCC_WARN_64_TO_32_BIT_CONVERSION = YES;
				GCC_WARN_ABOUT_RETURN_TYPE = YES_ERROR;
				GCC_WARN_UNDECLARED_SELECTOR = YES;
				GCC_WARN_UNINITIALIZED_AUTOS = YES_AGGRESSIVE;
				GCC_WARN_UNUSED_FUNCTION = YES;
				GCC_WARN_UNUSED_VARIABLE = YES;
				IPHONEOS_DEPLOYMENT_TARGET = 12.0;
				MTL_ENABLE_DEBUG_INFO = NO;
				MTL_FAST_MATH = YES;
				SDKROOT = iphoneos;
				SWIFT_COMPILATION_MODE = wholemodule;
				SWIFT_OPTIMIZATION_LEVEL = "-O";
				VALIDATE_PRODUCT = YES;
			};
			name = Release;
		};
		55F6B5AE2455866900B77247 /* Debug */ = {
			isa = XCBuildConfiguration;
			buildSettings = {
				ASSETCATALOG_COMPILER_APPICON_NAME = AppIcon;
				CODE_SIGN_STYLE = Automatic;
				CURRENT_PROJECT_VERSION = 0;
				INFOPLIST_FILE = BulbaTalks/SupportingFiles/Info.plist;
				LD_RUNPATH_SEARCH_PATHS = (
					"$(inherited)",
					"@executable_path/Frameworks",
				);
				MARKETING_VERSION = 0.0.0;
				OTHER_SWIFT_FLAGS = "-Xfrontend -warn-long-function-bodies=100 -Xfrontend -warn-long-expression-type-checking=100";
				PRODUCT_BUNDLE_IDENTIFIER = com.example.cocoaheadsby.BulbaTalks;
				PRODUCT_NAME = "$(TARGET_NAME)";
				SWIFT_VERSION = 5.0;
				TARGETED_DEVICE_FAMILY = 1;
			};
			name = Debug;
		};
		55F6B5AF2455866900B77247 /* Release */ = {
			isa = XCBuildConfiguration;
			buildSettings = {
				ASSETCATALOG_COMPILER_APPICON_NAME = AppIcon;
				CODE_SIGN_STYLE = Automatic;
				CURRENT_PROJECT_VERSION = 0;
				INFOPLIST_FILE = BulbaTalks/SupportingFiles/Info.plist;
				LD_RUNPATH_SEARCH_PATHS = (
					"$(inherited)",
					"@executable_path/Frameworks",
				);
				MARKETING_VERSION = 0.0.0;
				OTHER_SWIFT_FLAGS = "";
				PRODUCT_BUNDLE_IDENTIFIER = com.example.cocoaheadsby.BulbaTalks;
				PRODUCT_NAME = "$(TARGET_NAME)";
				SWIFT_VERSION = 5.0;
				TARGETED_DEVICE_FAMILY = 1;
			};
			name = Release;
		};
/* End XCBuildConfiguration section */

/* Begin XCConfigurationList section */
		55F6B5942455866800B77247 /* Build configuration list for PBXProject "BulbaTalks" */ = {
			isa = XCConfigurationList;
			buildConfigurations = (
				55F6B5AB2455866900B77247 /* Debug */,
				55F6B5AC2455866900B77247 /* Release */,
			);
			defaultConfigurationIsVisible = 0;
			defaultConfigurationName = Release;
		};
		55F6B5AD2455866900B77247 /* Build configuration list for PBXNativeTarget "BulbaTalks" */ = {
			isa = XCConfigurationList;
			buildConfigurations = (
				55F6B5AE2455866900B77247 /* Debug */,
				55F6B5AF2455866900B77247 /* Release */,
			);
			defaultConfigurationIsVisible = 0;
			defaultConfigurationName = Release;
		};
/* End XCConfigurationList section */
	};
	rootObject = 55F6B5912455866800B77247 /* Project object */;
}
